PODS:
  - Flutter (1.0.0)
  - flutter_install_referrer (1.0.0):
    - Flutter

DEPENDENCIES:
  - Flutter (from `Flutter`)
  - flutter_install_referrer (from `.symlinks/plugins/flutter_install_referrer/ios`)

EXTERNAL SOURCES:
  Flutter:
    :path: Flutter
  flutter_install_referrer:
    :path: ".symlinks/plugins/flutter_install_referrer/ios"

SPEC CHECKSUMS:
  Flutter: e0871f40cf51350855a761d2e70bf5af5b9b5de7
  flutter_install_referrer: 59b74254a4b46ee79c31e9c366b7977efb5f0231

PODFILE CHECKSUM: c4c93c5f6502fe2754f48404d3594bf779584011

COCOAPODS: 1.16.2
